{
    "_readme": [
        "This file locks the dependencies of your project to a known state",
        "Read more about it at https://getcomposer.org/doc/01-basic-usage.md#installing-dependencies",
        "This file is @generated automatically"
    ],
    "content-hash": "e0aeb7e2b27dd4b87bdfb9d9eab4bd85",
    "packages": [
        {
            "name": "neos/utility-files",
            "version": "3.3.24",
            "source": {
                "type": "git",
                "url": "https://github.com/neos/utility-files.git",
                "reference": "ab494d51ec2e1f04cd03f7886c4e891dd5076a3e"
            },
            "dist": {
                "type": "zip",
                "url": "https://api.github.com/repos/neos/utility-files/zipball/ab494d51ec2e1f04cd03f7886c4e891dd5076a3e",
                "reference": "ab494d51ec2e1f04cd03f7886c4e891dd5076a3e",
                "shasum": ""
            },
            "require": {
                "php": ">=5.5.0"
            },
            "require-dev": {
                "mikey179/vfsstream": "~1.6",
                "phpunit/phpunit": "~4.8 || ~5.2.0"
            },
            "type": "library",
            "extra": {
                "neos": {
                    "package-key": "Neos.Utility.Files"
                }
            },
            "autoload": {
                "psr-0": {
                    "TYPO3\\Flow\\Utility": "Classes"
                }
            },
            "notification-url": "https://packagist.org/downloads/",
            "license": [
                "MIT"
            ],
            "description": "Flow Files Utilities",
            "homepage": "http://flow.typo3.org",
            "time": "2017-04-12T12:44:29+00:00"
        },
        {
            "name": "phpseclib/phpseclib",
            "version": "2.0.10",
            "source": {
                "type": "git",
                "url": "https://github.com/phpseclib/phpseclib.git",
                "reference": "d305b780829ea4252ed9400b3f5937c2c99b51d4"
            },
            "dist": {
                "type": "zip",
                "url": "https://api.github.com/repos/phpseclib/phpseclib/zipball/d305b780829ea4252ed9400b3f5937c2c99b51d4",
                "reference": "d305b780829ea4252ed9400b3f5937c2c99b51d4",
                "shasum": ""
            },
            "require": {
                "php": ">=5.3.3"
            },
            "require-dev": {
                "phing/phing": "~2.7",
                "phpunit/phpunit": "^4.8.35|^5.7|^6.0",
                "sami/sami": "~2.0",
                "squizlabs/php_codesniffer": "~2.0"
            },
            "suggest": {
                "ext-gmp": "Install the GMP (GNU Multiple Precision) extension in order to speed up arbitrary precision integer arithmetic operations.",
                "ext-libsodium": "SSH2/SFTP can make use of some algorithms provided by the libsodium-php extension.",
                "ext-mcrypt": "Install the Mcrypt extension in order to speed up a few other cryptographic operations.",
                "ext-openssl": "Install the OpenSSL extension in order to speed up a wide variety of cryptographic operations."
            },
            "type": "library",
            "autoload": {
                "files": [
                    "phpseclib/bootstrap.php"
                ],
                "psr-4": {
                    "phpseclib\\": "phpseclib/"
                }
            },
            "notification-url": "https://packagist.org/downloads/",
            "license": [
                "MIT"
            ],
            "authors": [
                {
                    "name": "Jim Wigginton",
                    "email": "terrafrost@php.net",
                    "role": "Lead Developer"
                },
                {
                    "name": "Patrick Monnerat",
                    "email": "pm@datasphere.ch",
                    "role": "Developer"
                },
                {
                    "name": "Andreas Fischer",
                    "email": "bantu@phpbb.com",
                    "role": "Developer"
                },
                {
                    "name": "Hans-Jürgen Petrich",
                    "email": "petrich@tronic-media.com",
                    "role": "Developer"
                },
                {
                    "name": "Graham Campbell",
                    "email": "graham@alt-three.com",
                    "role": "Developer"
                }
            ],
            "description": "PHP Secure Communications Library - Pure-PHP implementations of RSA, AES, SSH2, SFTP, X.509 etc.",
            "homepage": "http://phpseclib.sourceforge.net",
            "keywords": [
                "BigInteger",
                "aes",
                "asn.1",
                "asn1",
                "blowfish",
                "crypto",
                "cryptography",
                "encryption",
                "rsa",
                "security",
                "sftp",
                "signature",
                "signing",
                "ssh",
                "twofish",
                "x.509",
                "x509"
            ],
            "time": "2018-02-19T04:29:13+00:00"
        }
    ],
    "packages-dev": [
        {
            "name": "league/event",
            "version": "2.1.2",
            "source": {
                "type": "git",
                "url": "https://github.com/thephpleague/event.git",
                "reference": "e4bfc88dbcb60c8d8a2939a71f9813e141bbe4cd"
            },
            "dist": {
                "type": "zip",
                "url": "https://api.github.com/repos/thephpleague/event/zipball/e4bfc88dbcb60c8d8a2939a71f9813e141bbe4cd",
                "reference": "e4bfc88dbcb60c8d8a2939a71f9813e141bbe4cd",
                "shasum": ""
            },
            "require": {
                "php": ">=5.4.0"
            },
            "require-dev": {
                "henrikbjorn/phpspec-code-coverage": "~1.0.1",
                "phpspec/phpspec": "~2.0.0"
            },
            "type": "library",
            "extra": {
                "branch-alias": {
                    "dev-master": "2.2-dev"
                }
            },
            "autoload": {
                "psr-4": {
                    "League\\Event\\": "src/"
                }
            },
            "notification-url": "https://packagist.org/downloads/",
            "license": [
                "MIT"
            ],
            "authors": [
                {
                    "name": "Frank de Jonge",
                    "email": "info@frenky.net"
                }
            ],
            "description": "Event package",
            "keywords": [
                "emitter",
                "event",
                "listener"
            ],
            "time": "2015-05-21T12:24:47+00:00"
        },
        {
            "name": "macfja/phar-builder",
            "version": "0.2.7",
            "source": {
                "type": "git",
                "url": "https://github.com/MacFJA/PharBuilder.git",
                "reference": "630b908ed22fae8611dfd2dff72930f7f395d8b6"
            },
            "dist": {
                "type": "zip",
                "url": "https://api.github.com/repos/MacFJA/PharBuilder/zipball/630b908ed22fae8611dfd2dff72930f7f395d8b6",
                "reference": "630b908ed22fae8611dfd2dff72930f7f395d8b6",
                "shasum": ""
            },
            "require": {
                "league/event": "^2.1",
                "macfja/symfony-console-filechooser": "~0.2",
                "neutron/signal-handler": "^1.0",
                "php": ">=5.4.0",
                "rych/bytesize": "~1.0",
                "symfony/console": "~2.7 || ^3.0",
                "symfony/process": "^2.7 || ^3.0",
                "webignition/readable-duration": "^0.2"
            },
            "require-dev": {
                "phpmd/phpmd": "^2.4",
                "sebastian/phpcpd": "^2.0",
                "squizlabs/php_codesniffer": "^2.5"
            },
            "bin": [
                "bin/phar-builder",
                "bin/phar-builder.php"
            ],
            "type": "library",
            "extra": {
                "phar-builder": {
                    "skip-shebang": false,
                    "include-dev": false,
                    "entry-point": "bin/phar-builder.php",
                    "compression": "None",
                    "name": "phar-builder.phar",
                    "output-dir": "./",
                    "include": [
                        "bin"
                    ]
                }
            },
            "autoload": {
                "psr-4": {
                    "MacFJA\\PharBuilder\\": "app/"
                }
            },
            "notification-url": "https://packagist.org/downloads/",
            "license": [
                "MIT"
            ],
            "authors": [
                {
                    "name": "MacFJA"
                }
            ],
            "description": "CLI tool for create phar of your composer based project",
            "time": "2018-05-07T09:29:55+00:00"
        },
        {
            "name": "macfja/symfony-console-filechooser",
            "version": "0.2",
            "source": {
                "type": "git",
                "url": "https://github.com/MacFJA/Symfony-Console-Filechooser.git",
                "reference": "abed2593d4a75130b4472cb9de62936a8498e096"
            },
            "dist": {
                "type": "zip",
                "url": "https://api.github.com/repos/MacFJA/Symfony-Console-Filechooser/zipball/abed2593d4a75130b4472cb9de62936a8498e096",
                "reference": "abed2593d4a75130b4472cb9de62936a8498e096",
                "shasum": ""
            },
            "require": {
                "symfony/console": "~2.6 || ^3.0",
                "symfony/finder": "~2.6 || ^3.0"
            },
            "type": "library",
            "autoload": {
                "psr-4": {
                    "MacFJA\\Symfony\\Console\\Filechooser\\": "lib/"
                }
            },
            "notification-url": "https://packagist.org/downloads/",
            "license": [
                "MIT"
            ],
            "authors": [
                {
                    "name": "MacFJA"
                }
            ],
            "description": "Filechooser Helper for Symfony2 console (with autocompletion support)",
            "keywords": [
                "autocomplete",
                "autocompletion",
                "chooser",
                "console",
                "file",
                "filesystem",
                "interactive",
                "symfony"
            ],
            "time": "2017-08-05T19:16:50+00:00"
        },
        {
            "name": "neutron/signal-handler",
            "version": "1.0.1",
            "source": {
                "type": "git",
                "url": "https://github.com/romainneutron/signal-handler.git",
                "reference": "5f2069bf4a5901a65be51f57ea60779a279564c1"
            },
            "dist": {
                "type": "zip",
                "url": "https://api.github.com/repos/romainneutron/signal-handler/zipball/5f2069bf4a5901a65be51f57ea60779a279564c1",
                "reference": "5f2069bf4a5901a65be51f57ea60779a279564c1",
                "shasum": ""
            },
            "require": {
                "php": ">=5.3.3"
            },
            "require-dev": {
                "phpunit/phpunit": "~3.7"
            },
            "type": "library",
            "autoload": {
                "psr-0": {
                    "Neutron": "src"
                }
            },
            "notification-url": "https://packagist.org/downloads/",
            "license": [
                "MIT"
            ],
            "authors": [
                {
                    "name": "Romain Neutron",
                    "email": "imprec@gmail.com",
                    "homepage": "http://www.lickmychip.com/"
                }
            ],
            "description": "A library to ease the use of signal handling.",
            "keywords": [
                "signal"
            ],
            "time": "2014-01-15T17:24:13+00:00"
        },
        {
            "name": "psr/log",
            "version": "1.0.2",
            "source": {
                "type": "git",
                "url": "https://github.com/php-fig/log.git",
                "reference": "4ebe3a8bf773a19edfe0a84b6585ba3d401b724d"
            },
            "dist": {
                "type": "zip",
                "url": "https://api.github.com/repos/php-fig/log/zipball/4ebe3a8bf773a19edfe0a84b6585ba3d401b724d",
                "reference": "4ebe3a8bf773a19edfe0a84b6585ba3d401b724d",
                "shasum": ""
            },
            "require": {
                "php": ">=5.3.0"
            },
            "type": "library",
            "extra": {
                "branch-alias": {
                    "dev-master": "1.0.x-dev"
                }
            },
            "autoload": {
                "psr-4": {
                    "Psr\\Log\\": "Psr/Log/"
                }
            },
            "notification-url": "https://packagist.org/downloads/",
            "license": [
                "MIT"
            ],
            "authors": [
                {
                    "name": "PHP-FIG",
                    "homepage": "http://www.php-fig.org/"
                }
            ],
            "description": "Common interface for logging libraries",
            "homepage": "https://github.com/php-fig/log",
            "keywords": [
                "log",
                "psr",
                "psr-3"
            ],
            "time": "2016-10-10T12:19:37+00:00"
        },
        {
            "name": "rych/bytesize",
            "version": "v1.0.0",
            "source": {
                "type": "git",
                "url": "https://github.com/rchouinard/bytesize.git",
                "reference": "297e16ea047461b91e8d7eb90aa46aaa52917824"
            },
            "dist": {
                "type": "zip",
                "url": "https://api.github.com/repos/rchouinard/bytesize/zipball/297e16ea047461b91e8d7eb90aa46aaa52917824",
                "reference": "297e16ea047461b91e8d7eb90aa46aaa52917824",
                "shasum": ""
            },
            "require": {
                "ext-bcmath": "*",
                "php": ">=5.3.4"
            },
            "require-dev": {
                "phpunit/phpunit": "3.7.*"
            },
            "type": "library",
            "autoload": {
                "psr-4": {
                    "Rych\\ByteSize\\": "src/"
                }
            },
            "notification-url": "https://packagist.org/downloads/",
            "license": [
                "MIT"
            ],
            "authors": [
                {
                    "name": "Ryan Chouinard",
                    "email": "rchouinard@gmail.com",
                    "homepage": "http://ryanchouinard.com"
                }
            ],
            "description": "Utility component for nicely formatted file sizes.",
            "homepage": "https://github.com/rchouinard/bytesize",
            "keywords": [
                "filesize"
            ],
            "time": "2014-04-04T18:06:18+00:00"
        },
        {
            "name": "symfony/console",
            "version": "v3.4.13",
            "source": {
                "type": "git",
                "url": "https://github.com/symfony/console.git",
                "reference": "e54f84c50e3b12972e7750edfc5ca84b2284c44e"
            },
            "dist": {
                "type": "zip",
                "url": "https://api.github.com/repos/symfony/console/zipball/e54f84c50e3b12972e7750edfc5ca84b2284c44e",
                "reference": "e54f84c50e3b12972e7750edfc5ca84b2284c44e",
                "shasum": ""
            },
            "require": {
                "php": "^5.5.9|>=7.0.8",
                "symfony/debug": "~2.8|~3.0|~4.0",
                "symfony/polyfill-mbstring": "~1.0"
            },
            "conflict": {
                "symfony/dependency-injection": "<3.4",
                "symfony/process": "<3.3"
            },
            "require-dev": {
                "psr/log": "~1.0",
                "symfony/config": "~3.3|~4.0",
                "symfony/dependency-injection": "~3.4|~4.0",
                "symfony/event-dispatcher": "~2.8|~3.0|~4.0",
                "symfony/lock": "~3.4|~4.0",
                "symfony/process": "~3.3|~4.0"
            },
            "suggest": {
                "psr/log-implementation": "For using the console logger",
                "symfony/event-dispatcher": "",
                "symfony/lock": "",
                "symfony/process": ""
            },
            "type": "library",
            "extra": {
                "branch-alias": {
                    "dev-master": "3.4-dev"
                }
            },
            "autoload": {
                "psr-4": {
                    "Symfony\\Component\\Console\\": ""
                },
                "exclude-from-classmap": [
                    "/Tests/"
                ]
            },
            "notification-url": "https://packagist.org/downloads/",
            "license": [
                "MIT"
            ],
            "authors": [
                {
                    "name": "Fabien Potencier",
                    "email": "fabien@symfony.com"
                },
                {
                    "name": "Symfony Community",
                    "homepage": "https://symfony.com/contributors"
                }
            ],
            "description": "Symfony Console Component",
            "homepage": "https://symfony.com",
            "time": "2018-07-10T14:02:11+00:00"
        },
        {
            "name": "symfony/debug",
            "version": "v4.1.2",
            "source": {
                "type": "git",
                "url": "https://github.com/symfony/debug.git",
                "reference": "a1f2118cedb8731c45e945cdd2b808ca82abc4b5"
            },
            "dist": {
                "type": "zip",
                "url": "https://api.github.com/repos/symfony/debug/zipball/a1f2118cedb8731c45e945cdd2b808ca82abc4b5",
                "reference": "a1f2118cedb8731c45e945cdd2b808ca82abc4b5",
                "shasum": ""
            },
            "require": {
                "php": "^7.1.3",
                "psr/log": "~1.0"
            },
            "conflict": {
                "symfony/http-kernel": "<3.4"
            },
            "require-dev": {
                "symfony/http-kernel": "~3.4|~4.0"
            },
            "type": "library",
            "extra": {
                "branch-alias": {
                    "dev-master": "4.1-dev"
                }
            },
            "autoload": {
                "psr-4": {
                    "Symfony\\Component\\Debug\\": ""
                },
                "exclude-from-classmap": [
                    "/Tests/"
                ]
            },
            "notification-url": "https://packagist.org/downloads/",
            "license": [
                "MIT"
            ],
            "authors": [
                {
                    "name": "Fabien Potencier",
                    "email": "fabien@symfony.com"
                },
                {
                    "name": "Symfony Community",
                    "homepage": "https://symfony.com/contributors"
                }
            ],
            "description": "Symfony Debug Component",
            "homepage": "https://symfony.com",
            "time": "2018-07-06T14:52:28+00:00"
        },
        {
            "name": "symfony/finder",
            "version": "v3.4.13",
            "source": {
                "type": "git",
                "url": "https://github.com/symfony/finder.git",
                "reference": "3a8c3de91d2b2c68cd2d665cf9d00f7ef9eaa394"
            },
            "dist": {
                "type": "zip",
                "url": "https://api.github.com/repos/symfony/finder/zipball/3a8c3de91d2b2c68cd2d665cf9d00f7ef9eaa394",
                "reference": "3a8c3de91d2b2c68cd2d665cf9d00f7ef9eaa394",
                "shasum": ""
            },
            "require": {
                "php": "^5.5.9|>=7.0.8"
            },
            "type": "library",
            "extra": {
                "branch-alias": {
                    "dev-master": "3.4-dev"
                }
            },
            "autoload": {
                "psr-4": {
                    "Symfony\\Component\\Finder\\": ""
                },
                "exclude-from-classmap": [
                    "/Tests/"
                ]
            },
            "notification-url": "https://packagist.org/downloads/",
            "license": [
                "MIT"
            ],
            "authors": [
                {
                    "name": "Fabien Potencier",
                    "email": "fabien@symfony.com"
                },
                {
                    "name": "Symfony Community",
                    "homepage": "https://symfony.com/contributors"
                }
            ],
            "description": "Symfony Finder Component",
            "homepage": "https://symfony.com",
            "time": "2018-06-19T20:52:10+00:00"
        },
        {
            "name": "symfony/polyfill-mbstring",
            "version": "v1.8.0",
            "source": {
                "type": "git",
                "url": "https://github.com/symfony/polyfill-mbstring.git",
                "reference": "3296adf6a6454a050679cde90f95350ad604b171"
            },
            "dist": {
                "type": "zip",
                "url": "https://api.github.com/repos/symfony/polyfill-mbstring/zipball/3296adf6a6454a050679cde90f95350ad604b171",
                "reference": "3296adf6a6454a050679cde90f95350ad604b171",
                "shasum": ""
            },
            "require": {
                "php": ">=5.3.3"
            },
            "suggest": {
                "ext-mbstring": "For best performance"
            },
            "type": "library",
            "extra": {
                "branch-alias": {
                    "dev-master": "1.8-dev"
                }
            },
            "autoload": {
                "psr-4": {
                    "Symfony\\Polyfill\\Mbstring\\": ""
                },
                "files": [
                    "bootstrap.php"
                ]
            },
            "notification-url": "https://packagist.org/downloads/",
            "license": [
                "MIT"
            ],
            "authors": [
                {
                    "name": "Nicolas Grekas",
                    "email": "p@tchwork.com"
                },
                {
                    "name": "Symfony Community",
                    "homepage": "https://symfony.com/contributors"
                }
            ],
            "description": "Symfony polyfill for the Mbstring extension",
            "homepage": "https://symfony.com",
            "keywords": [
                "compatibility",
                "mbstring",
                "polyfill",
                "portable",
                "shim"
            ],
            "time": "2018-04-26T10:06:28+00:00"
        },
        {
            "name": "symfony/process",
            "version": "v3.4.13",
            "source": {
                "type": "git",
                "url": "https://github.com/symfony/process.git",
                "reference": "f741672edfcfe3a2ea77569d419006f23281d909"
            },
            "dist": {
                "type": "zip",
                "url": "https://api.github.com/repos/symfony/process/zipball/f741672edfcfe3a2ea77569d419006f23281d909",
                "reference": "f741672edfcfe3a2ea77569d419006f23281d909",
                "shasum": ""
            },
            "require": {
                "php": "^5.5.9|>=7.0.8"
            },
            "type": "library",
            "extra": {
                "branch-alias": {
                    "dev-master": "3.4-dev"
                }
            },
            "autoload": {
                "psr-4": {
                    "Symfony\\Component\\Process\\": ""
                },
                "exclude-from-classmap": [
                    "/Tests/"
                ]
            },
            "notification-url": "https://packagist.org/downloads/",
            "license": [
                "MIT"
            ],
            "authors": [
                {
                    "name": "Fabien Potencier",
                    "email": "fabien@symfony.com"
                },
                {
                    "name": "Symfony Community",
                    "homepage": "https://symfony.com/contributors"
                }
            ],
            "description": "Symfony Process Component",
            "homepage": "https://symfony.com",
            "time": "2018-07-09T09:01:07+00:00"
        },
        {
            "name": "webignition/readable-duration",
            "version": "0.2",
            "source": {
                "type": "git",
                "url": "https://github.com/webignition/readable-duration.git",
                "reference": "fe7c33e259f82a015db69272e4eaa53c3f394230"
            },
            "dist": {
                "type": "zip",
                "url": "https://api.github.com/repos/webignition/readable-duration/zipball/fe7c33e259f82a015db69272e4eaa53c3f394230",
                "reference": "fe7c33e259f82a015db69272e4eaa53c3f394230",
                "shasum": ""
            },
            "require": {
                "php": ">=5.3.0"
            },
            "type": "library",
            "autoload": {
                "psr-0": {
                    "": "src/"
                }
            },
            "notification-url": "https://packagist.org/downloads/",
            "license": [
                "MIT"
            ],
            "authors": [
                {
                    "name": "Jon Cram",
                    "email": "jon@webignition.net"
                }
            ],
            "description": "Convert a value in seconds into a human-readable convenience duration",
            "homepage": "https://github.com/webignition/readable-duration",
            "keywords": [
                "duration",
                "humand-readable",
                "readable",
                "time"
            ],
            "time": "2013-03-28T15:26:25+00:00"
        }
    ],
    "aliases": [],
    "minimum-stability": "stable",
    "stability-flags": [],
    "prefer-stable": false,
    "prefer-lowest": false,
    "platform": [],
    "platform-dev": []
}
